
Microsoft Visual Studio Solution File, Format Version 12.00
# Visual Studio 15
VisualStudioVersion = 15.0.28307.645
MinimumVisualStudioVersion = 10.0.40219.1
Project("{FAE04EC0-301F-11D3-BF4B-00C04F79EFBC}") = "PrototipoWebApi_1", "PrototipoWebApi_1\PrototipoWebApi_1.csproj", "{8DB66C6B-AD45-4153-B53E-332C883519EF}"
EndProject
Global
	GlobalSection(SolutionConfigurationPlatforms) = preSolution
		Debug|Any CPU = Debug|Any CPU
		Release|Any CPU = Release|Any CPU
	EndGlobalSection
	GlobalSection(ProjectConfigurationPlatforms) = postSolution
		{8DB66C6B-AD45-4153-B53E-332C883519EF}.Debug|Any CPU.ActiveCfg = Debug|Any CPU
		{8DB66C6B-AD45-4153-B53E-332C883519EF}.Debug|Any CPU.Build.0 = Debug|Any CPU
		{8DB66C6B-AD45-4153-B53E-332C883519EF}.Release|Any CPU.ActiveCfg = Release|Any CPU
		{8DB66C6B-AD45-4153-B53E-332C883519EF}.Release|Any CPU.Build.0 = Release|Any CPU
	EndGlobalSection
	GlobalSection(SolutionProperties) = preSolution
		HideSolutionNode = FALSE
	EndGlobalSection
	GlobalSection(ExtensibilityGlobals) = postSolution
		SolutionGuid = {1DB32AF4-97F5-4D9D-A3EC-2D17B8F06EDF}
	EndGlobalSection
EndGlobal
